{
  "version": "3",
  "remote": {
    "https://edge.netlify.com/": "ff84a16f192fdb43db8b9dff869889f555c05857d075044d2a7cfa54c283a0a0",
    "https://edge.netlify.com/bootstrap/config.ts": "0aa0a225d978b89e0e62cbd853701605199e7a84095e55eeb70147faf1a24803",
    "https://edge.netlify.com/bootstrap/context.ts": "8f99269eeeeccf9b852e6089cc648c962a0ea20b2198b8b38b38e3b2ce2b9143",
    "https://edge.netlify.com/bootstrap/cookie.ts": "8b0baae708989ca183c6f3b4ab3d029e6abcbc2e43f93edeb0ff447b3bbc3a05",
    "https://edge.netlify.com/bootstrap/edge_function.ts": "b8253e86aa83c67341f5cfedeba5049d77fbf84dcab7eceff7566b7728ae9b39",
    "https://edge.netlify.com/bootstrap/globals.ts": "38f9e0be6c2c78206bf14d2387d41964d38bbe81644b3668e203c6f6473408a7"
  },
  "workspace": {
    "packageJson": {
      "dependencies": [
        "npm:@ekwoka/hotkeys@1.0.1",
        "npm:@ekwoka/preact-global-state@2.0.0",
        "npm:@ekwoka/spotify-api@0.16.1",
        "npm:@formkit/auto-animate@1.0.0-pre-alpha.3",
        "npm:@netlify/functions@2.7.0",
        "npm:@preact/preset-vite@2.8.2",
        "npm:@preact/signals@1.2.3",
        "npm:@tailwindcss/forms@0.5.7",
        "npm:@tailwindcss/typography@0.5.13",
        "npm:@tanstack/react-query@4.36.1",
        "npm:@types/cookie@0.6.0",
        "npm:@types/node@20.12.13",
        "npm:@types/spotify-api@0.0.25",
        "npm:@types/spotify-web-api-node@5.0.11",
        "npm:@typescript-eslint/eslint-plugin@7.11.0",
        "npm:@typescript-eslint/parser@7.11.0",
        "npm:autoprefixer@10.4.19",
        "npm:cookie@0.6.0",
        "npm:dotenv@16.4.5",
        "npm:eslint-config-preact@1.4.0",
        "npm:eslint-plugin-filename-export@1.0.4",
        "npm:eslint-plugin-import@2.29.1",
        "npm:eslint@8.57.0",
        "npm:faunadb@4.8.0",
        "npm:husky@9.0.11",
        "npm:lint-staged@15.2.5",
        "npm:npm-run-all2@6.2.0",
        "npm:pnpm@9.1.4",
        "npm:postcss@8.4.38",
        "npm:preact-heroicons@2.1.3",
        "npm:preact-router@4.1.2",
        "npm:preact@10.22.0",
        "npm:prettier-plugin-tailwindcss@0.6.0",
        "npm:prettier@3.2.5",
        "npm:react-hot-toast@2.4.1",
        "npm:spotify-web-playback@1.4.0",
        "npm:tailwindcss@3.4.3",
        "npm:typescript@5.4.5",
        "npm:vite@5.2.12"
      ]
    }
  }
}
